// !$*UTF8*$!
{
	archiveVersion = 1;
	classes = {
	};
	objectVersion = 46;
	objects = {

/* Begin PBXBuildFile section */
		B9075F961FE1F42500E75B44 /* CalculatorGraphView.swift in Sources */ = {isa = PBXBuildFile; fileRef = B9075F951FE1F42500E75B44 /* CalculatorGraphView.swift */; };
		B96B50C41FB13F530036DF72 /* AxesDrawer.swift in Sources */ = {isa = PBXBuildFile; fileRef = B96B50C31FB13F530036DF72 /* AxesDrawer.swift */; };
		B96C49001DBAA2DF009DA46D /* CalculatorBrainTests.swift in Sources */ = {isa = PBXBuildFile; fileRef = B96C48FF1DBAA2DF009DA46D /* CalculatorBrainTests.swift */; };
		B96D01022006E90E00C4E06B /* CalculatorGraphView.swift in Sources */ = {isa = PBXBuildFile; fileRef = B9075F951FE1F42500E75B44 /* CalculatorGraphView.swift */; };
		B96D01032006E90F00C4E06B /* CalculatorGraphView.swift in Sources */ = {isa = PBXBuildFile; fileRef = B9075F951FE1F42500E75B44 /* CalculatorGraphView.swift */; };
		B96D01042006EB2800C4E06B /* AxesDrawer.swift in Sources */ = {isa = PBXBuildFile; fileRef = B96B50C31FB13F530036DF72 /* AxesDrawer.swift */; };
		B96D01052006EB2800C4E06B /* AxesDrawer.swift in Sources */ = {isa = PBXBuildFile; fileRef = B96B50C31FB13F530036DF72 /* AxesDrawer.swift */; };
		B98AF6811FD78EA1004713FF /* CalculatorKeys.storyboard in Resources */ = {isa = PBXBuildFile; fileRef = B98AF6801FD78EA1004713FF /* CalculatorKeys.storyboard */; };
		B98AF6821FD78EA1004713FF /* CalculatorKeys.storyboard in Resources */ = {isa = PBXBuildFile; fileRef = B98AF6801FD78EA1004713FF /* CalculatorKeys.storyboard */; };
		B98AF6841FD794C5004713FF /* CalculatorGraphing.storyboard in Resources */ = {isa = PBXBuildFile; fileRef = B98AF6831FD794C5004713FF /* CalculatorGraphing.storyboard */; };
		B98AF6851FD794C5004713FF /* CalculatorGraphing.storyboard in Resources */ = {isa = PBXBuildFile; fileRef = B98AF6831FD794C5004713FF /* CalculatorGraphing.storyboard */; };
		B98AF6871FD7951F004713FF /* CalculatorGraphViewController.swift in Sources */ = {isa = PBXBuildFile; fileRef = B98AF6861FD7951F004713FF /* CalculatorGraphViewController.swift */; };
		B98AF6881FD7951F004713FF /* CalculatorGraphViewController.swift in Sources */ = {isa = PBXBuildFile; fileRef = B98AF6861FD7951F004713FF /* CalculatorGraphViewController.swift */; };
		B98AF6891FD7951F004713FF /* CalculatorGraphViewController.swift in Sources */ = {isa = PBXBuildFile; fileRef = B98AF6861FD7951F004713FF /* CalculatorGraphViewController.swift */; };
		B995FCF41D43BDC900CA934C /* AppDelegate.swift in Sources */ = {isa = PBXBuildFile; fileRef = B995FCF31D43BDC900CA934C /* AppDelegate.swift */; };
		B995FCF61D43BDC900CA934C /* CalculatorViewController.swift in Sources */ = {isa = PBXBuildFile; fileRef = B995FCF51D43BDC900CA934C /* CalculatorViewController.swift */; };
		B995FCF91D43BDC900CA934C /* Main.storyboard in Resources */ = {isa = PBXBuildFile; fileRef = B995FCF71D43BDC900CA934C /* Main.storyboard */; };
		B995FCFB1D43BDC900CA934C /* Assets.xcassets in Resources */ = {isa = PBXBuildFile; fileRef = B995FCFA1D43BDC900CA934C /* Assets.xcassets */; };
		B995FCFE1D43BDC900CA934C /* LaunchScreen.storyboard in Resources */ = {isa = PBXBuildFile; fileRef = B995FCFC1D43BDC900CA934C /* LaunchScreen.storyboard */; };
		B9BDEB8E1F01DCD500E8F04A /* CalculatorUITests.swift in Sources */ = {isa = PBXBuildFile; fileRef = B9BDEB8D1F01DCD500E8F04A /* CalculatorUITests.swift */; };
		B9C8C7581D4ADD58005B1238 /* CalculatorBrain.swift in Sources */ = {isa = PBXBuildFile; fileRef = B9C8C7571D4ADD58005B1238 /* CalculatorBrain.swift */; };
/* End PBXBuildFile section */

/* Begin PBXContainerItemProxy section */
		B96C49021DBAA2DF009DA46D /* PBXContainerItemProxy */ = {
			isa = PBXContainerItemProxy;
			containerPortal = B995FCE81D43BDC900CA934C /* Project object */;
			proxyType = 1;
			remoteGlobalIDString = B995FCEF1D43BDC900CA934C;
			remoteInfo = Calculator;
		};
		B9BDEB901F01DCD500E8F04A /* PBXContainerItemProxy */ = {
			isa = PBXContainerItemProxy;
			containerPortal = B995FCE81D43BDC900CA934C /* Project object */;
			proxyType = 1;
			remoteGlobalIDString = B995FCEF1D43BDC900CA934C;
			remoteInfo = Calculator;
		};
/* End PBXContainerItemProxy section */

/* Begin PBXFileReference section */
		B9075F951FE1F42500E75B44 /* CalculatorGraphView.swift */ = {isa = PBXFileReference; lastKnownFileType = sourcecode.swift; path = CalculatorGraphView.swift; sourceTree = "<group>"; };
		B96B50C31FB13F530036DF72 /* AxesDrawer.swift */ = {isa = PBXFileReference; lastKnownFileType = sourcecode.swift; path = AxesDrawer.swift; sourceTree = "<group>"; };
		B96C48FD1DBAA2DF009DA46D /* CalculatorTests.xctest */ = {isa = PBXFileReference; explicitFileType = wrapper.cfbundle; includeInIndex = 0; path = CalculatorTests.xctest; sourceTree = BUILT_PRODUCTS_DIR; };
		B96C48FF1DBAA2DF009DA46D /* CalculatorBrainTests.swift */ = {isa = PBXFileReference; lastKnownFileType = sourcecode.swift; path = CalculatorBrainTests.swift; sourceTree = "<group>"; };
		B96C49011DBAA2DF009DA46D /* Info.plist */ = {isa = PBXFileReference; lastKnownFileType = text.plist.xml; path = Info.plist; sourceTree = "<group>"; };
		B98AF6801FD78EA1004713FF /* CalculatorKeys.storyboard */ = {isa = PBXFileReference; lastKnownFileType = file.storyboard; path = CalculatorKeys.storyboard; sourceTree = "<group>"; };
		B98AF6831FD794C5004713FF /* CalculatorGraphing.storyboard */ = {isa = PBXFileReference; lastKnownFileType = file.storyboard; path = CalculatorGraphing.storyboard; sourceTree = "<group>"; };
		B98AF6861FD7951F004713FF /* CalculatorGraphViewController.swift */ = {isa = PBXFileReference; lastKnownFileType = sourcecode.swift; path = CalculatorGraphViewController.swift; sourceTree = "<group>"; };
		B995FCF01D43BDC900CA934C /* Calculator.app */ = {isa = PBXFileReference; explicitFileType = wrapper.application; includeInIndex = 0; path = Calculator.app; sourceTree = BUILT_PRODUCTS_DIR; };
		B995FCF31D43BDC900CA934C /* AppDelegate.swift */ = {isa = PBXFileReference; lastKnownFileType = sourcecode.swift; path = AppDelegate.swift; sourceTree = "<group>"; };
		B995FCF51D43BDC900CA934C /* CalculatorViewController.swift */ = {isa = PBXFileReference; lastKnownFileType = sourcecode.swift; path = CalculatorViewController.swift; sourceTree = "<group>"; };
		B995FCF81D43BDC900CA934C /* Base */ = {isa = PBXFileReference; lastKnownFileType = file.storyboard; name = Base; path = Base.lproj/Main.storyboard; sourceTree = "<group>"; };
		B995FCFA1D43BDC900CA934C /* Assets.xcassets */ = {isa = PBXFileReference; lastKnownFileType = folder.assetcatalog; path = Assets.xcassets; sourceTree = "<group>"; };
		B995FCFD1D43BDC900CA934C /* Base */ = {isa = PBXFileReference; lastKnownFileType = file.storyboard; name = Base; path = Base.lproj/LaunchScreen.storyboard; sourceTree = "<group>"; };
		B995FCFF1D43BDC900CA934C /* Info.plist */ = {isa = PBXFileReference; lastKnownFileType = text.plist.xml; path = Info.plist; sourceTree = "<group>"; };
		B9BDEB8B1F01DCD500E8F04A /* CalculatorUITests.xctest */ = {isa = PBXFileReference; explicitFileType = wrapper.cfbundle; includeInIndex = 0; path = CalculatorUITests.xctest; sourceTree = BUILT_PRODUCTS_DIR; };
		B9BDEB8D1F01DCD500E8F04A /* CalculatorUITests.swift */ = {isa = PBXFileReference; lastKnownFileType = sourcecode.swift; path = CalculatorUITests.swift; sourceTree = "<group>"; };
		B9BDEB8F1F01DCD500E8F04A /* Info.plist */ = {isa = PBXFileReference; lastKnownFileType = text.plist.xml; path = Info.plist; sourceTree = "<group>"; };
		B9C8C7571D4ADD58005B1238 /* CalculatorBrain.swift */ = {isa = PBXFileReference; fileEncoding = 4; lastKnownFileType = sourcecode.swift; path = CalculatorBrain.swift; sourceTree = "<group>"; xcLanguageSpecificationIdentifier = xcode.lang.swift; };
/* End PBXFileReference section */

/* Begin PBXFrameworksBuildPhase section */
		B96C48FA1DBAA2DF009DA46D /* Frameworks */ = {
			isa = PBXFrameworksBuildPhase;
			buildActionMask = 2147483647;
			files = (
			);
			runOnlyForDeploymentPostprocessing = 0;
		};
		B995FCED1D43BDC900CA934C /* Frameworks */ = {
			isa = PBXFrameworksBuildPhase;
			buildActionMask = 2147483647;
			files = (
			);
			runOnlyForDeploymentPostprocessing = 0;
		};
		B9BDEB881F01DCD500E8F04A /* Frameworks */ = {
			isa = PBXFrameworksBuildPhase;
			buildActionMask = 2147483647;
			files = (
			);
			runOnlyForDeploymentPostprocessing = 0;
		};
/* End PBXFrameworksBuildPhase section */

/* Begin PBXGroup section */
		B96B50C11FB13F2D0036DF72 /* Brain */ = {
			isa = PBXGroup;
			children = (
				B995FCF51D43BDC900CA934C /* CalculatorViewController.swift */,
				B9C8C7571D4ADD58005B1238 /* CalculatorBrain.swift */,
				B98AF6801FD78EA1004713FF /* CalculatorKeys.storyboard */,
			);
			path = Brain;
			sourceTree = "<group>";
		};
		B96B50C51FB13F750036DF72 /* Graph */ = {
			isa = PBXGroup;
			children = (
				B98AF68A1FD7954B004713FF /* Util */,
				B98AF6861FD7951F004713FF /* CalculatorGraphViewController.swift */,
				B98AF6831FD794C5004713FF /* CalculatorGraphing.storyboard */,
				B9075F951FE1F42500E75B44 /* CalculatorGraphView.swift */,
			);
			path = Graph;
			sourceTree = "<group>";
		};
		B96C48FE1DBAA2DF009DA46D /* CalculatorTests */ = {
			isa = PBXGroup;
			children = (
				B96C48FF1DBAA2DF009DA46D /* CalculatorBrainTests.swift */,
				B96C49011DBAA2DF009DA46D /* Info.plist */,
			);
			path = CalculatorTests;
			sourceTree = "<group>";
		};
		B98AF68A1FD7954B004713FF /* Util */ = {
			isa = PBXGroup;
			children = (
				B96B50C31FB13F530036DF72 /* AxesDrawer.swift */,
			);
			path = Util;
			sourceTree = "<group>";
		};
		B995FCE71D43BDC900CA934C = {
			isa = PBXGroup;
			children = (
				B995FCF21D43BDC900CA934C /* Calculator */,
				B96C48FE1DBAA2DF009DA46D /* CalculatorTests */,
				B9BDEB8C1F01DCD500E8F04A /* CalculatorUITests */,
				B995FCF11D43BDC900CA934C /* Products */,
			);
			sourceTree = "<group>";
		};
		B995FCF11D43BDC900CA934C /* Products */ = {
			isa = PBXGroup;
			children = (
				B995FCF01D43BDC900CA934C /* Calculator.app */,
				B96C48FD1DBAA2DF009DA46D /* CalculatorTests.xctest */,
				B9BDEB8B1F01DCD500E8F04A /* CalculatorUITests.xctest */,
			);
			name = Products;
			sourceTree = "<group>";
		};
		B995FCF21D43BDC900CA934C /* Calculator */ = {
			isa = PBXGroup;
			children = (
				B96B50C51FB13F750036DF72 /* Graph */,
				B96B50C11FB13F2D0036DF72 /* Brain */,
				B995FCF71D43BDC900CA934C /* Main.storyboard */,
				B995FD051D43BE1C00CA934C /* Supporting Files */,
			);
			path = Calculator;
			sourceTree = "<group>";
		};
		B995FD051D43BE1C00CA934C /* Supporting Files */ = {
			isa = PBXGroup;
			children = (
				B995FCF31D43BDC900CA934C /* AppDelegate.swift */,
				B995FCFA1D43BDC900CA934C /* Assets.xcassets */,
				B995FCFC1D43BDC900CA934C /* LaunchScreen.storyboard */,
				B995FCFF1D43BDC900CA934C /* Info.plist */,
			);
			name = "Supporting Files";
			sourceTree = "<group>";
		};
		B9BDEB8C1F01DCD500E8F04A /* CalculatorUITests */ = {
			isa = PBXGroup;
			children = (
				B9BDEB8D1F01DCD500E8F04A /* CalculatorUITests.swift */,
				B9BDEB8F1F01DCD500E8F04A /* Info.plist */,
			);
			path = CalculatorUITests;
			sourceTree = "<group>";
		};
/* End PBXGroup section */

/* Begin PBXNativeTarget section */
		B96C48FC1DBAA2DF009DA46D /* CalculatorTests */ = {
			isa = PBXNativeTarget;
			buildConfigurationList = B96C49041DBAA2DF009DA46D /* Build configuration list for PBXNativeTarget "CalculatorTests" */;
			buildPhases = (
				B96C48F91DBAA2DF009DA46D /* Sources */,
				B96C48FA1DBAA2DF009DA46D /* Frameworks */,
				B96C48FB1DBAA2DF009DA46D /* Resources */,
			);
			buildRules = (
			);
			dependencies = (
				B96C49031DBAA2DF009DA46D /* PBXTargetDependency */,
			);
			name = CalculatorTests;
			productName = CalculatorTests;
			productReference = B96C48FD1DBAA2DF009DA46D /* CalculatorTests.xctest */;
			productType = "com.apple.product-type.bundle.unit-test";
		};
		B995FCEF1D43BDC900CA934C /* Calculator */ = {
			isa = PBXNativeTarget;
			buildConfigurationList = B995FD021D43BDC900CA934C /* Build configuration list for PBXNativeTarget "Calculator" */;
			buildPhases = (
				B995FCEC1D43BDC900CA934C /* Sources */,
				B995FCED1D43BDC900CA934C /* Frameworks */,
				B995FCEE1D43BDC900CA934C /* Resources */,
			);
			buildRules = (
			);
			dependencies = (
			);
			name = Calculator;
			productName = Calculator;
			productReference = B995FCF01D43BDC900CA934C /* Calculator.app */;
			productType = "com.apple.product-type.application";
		};
		B9BDEB8A1F01DCD500E8F04A /* CalculatorUITests */ = {
			isa = PBXNativeTarget;
			buildConfigurationList = B9BDEB921F01DCD500E8F04A /* Build configuration list for PBXNativeTarget "CalculatorUITests" */;
			buildPhases = (
				B9BDEB871F01DCD500E8F04A /* Sources */,
				B9BDEB881F01DCD500E8F04A /* Frameworks */,
				B9BDEB891F01DCD500E8F04A /* Resources */,
			);
			buildRules = (
			);
			dependencies = (
				B9BDEB911F01DCD500E8F04A /* PBXTargetDependency */,
			);
			name = CalculatorUITests;
			productName = CalculatorUITests;
			productReference = B9BDEB8B1F01DCD500E8F04A /* CalculatorUITests.xctest */;
			productType = "com.apple.product-type.bundle.ui-testing";
		};
/* End PBXNativeTarget section */

/* Begin PBXProject section */
		B995FCE81D43BDC900CA934C /* Project object */ = {
			isa = PBXProject;
			attributes = {
				LastSwiftUpdateCheck = 0830;
				LastUpgradeCheck = 0910;
				ORGANIZATIONNAME = CS193p;
				TargetAttributes = {
					B96C48FC1DBAA2DF009DA46D = {
						CreatedOnToolsVersion = 8.0;
						DevelopmentTeam = M534J7BM7R;
						LastSwiftMigration = 0910;
						ProvisioningStyle = Automatic;
						TestTargetID = B995FCEF1D43BDC900CA934C;
					};
					B995FCEF1D43BDC900CA934C = {
						CreatedOnToolsVersion = 7.3;
						DevelopmentTeam = M534J7BM7R;
						LastSwiftMigration = 0910;
					};
					B9BDEB8A1F01DCD500E8F04A = {
						CreatedOnToolsVersion = 8.3.3;
						DevelopmentTeam = M534J7BM7R;
						LastSwiftMigration = 0910;
						ProvisioningStyle = Automatic;
						TestTargetID = B995FCEF1D43BDC900CA934C;
					};
				};
			};
			buildConfigurationList = B995FCEB1D43BDC900CA934C /* Build configuration list for PBXProject "Calculator" */;
			compatibilityVersion = "Xcode 3.2";
			developmentRegion = English;
			hasScannedForEncodings = 0;
			knownRegions = (
				en,
				Base,
			);
			mainGroup = B995FCE71D43BDC900CA934C;
			productRefGroup = B995FCF11D43BDC900CA934C /* Products */;
			projectDirPath = "";
			projectRoot = "";
			targets = (
				B995FCEF1D43BDC900CA934C /* Calculator */,
				B96C48FC1DBAA2DF009DA46D /* CalculatorTests */,
				B9BDEB8A1F01DCD500E8F04A /* CalculatorUITests */,
			);
		};
/* End PBXProject section */

/* Begin PBXResourcesBuildPhase section */
		B96C48FB1DBAA2DF009DA46D /* Resources */ = {
			isa = PBXResourcesBuildPhase;
			buildActionMask = 2147483647;
			files = (
			);
			runOnlyForDeploymentPostprocessing = 0;
		};
		B995FCEE1D43BDC900CA934C /* Resources */ = {
			isa = PBXResourcesBuildPhase;
			buildActionMask = 2147483647;
			files = (
				B995FCFE1D43BDC900CA934C /* LaunchScreen.storyboard in Resources */,
				B995FCFB1D43BDC900CA934C /* Assets.xcassets in Resources */,
				B98AF6841FD794C5004713FF /* CalculatorGraphing.storyboard in Resources */,
				B98AF6811FD78EA1004713FF /* CalculatorKeys.storyboard in Resources */,
				B995FCF91D43BDC900CA934C /* Main.storyboard in Resources */,
			);
			runOnlyForDeploymentPostprocessing = 0;
		};
		B9BDEB891F01DCD500E8F04A /* Resources */ = {
			isa = PBXResourcesBuildPhase;
			buildActionMask = 2147483647;
			files = (
				B98AF6851FD794C5004713FF /* CalculatorGraphing.storyboard in Resources */,
				B98AF6821FD78EA1004713FF /* CalculatorKeys.storyboard in Resources */,
			);
			runOnlyForDeploymentPostprocessing = 0;
		};
/* End PBXResourcesBuildPhase section */

/* Begin PBXSourcesBuildPhase section */
		B96C48F91DBAA2DF009DA46D /* Sources */ = {
			isa = PBXSourcesBuildPhase;
			buildActionMask = 2147483647;
			files = (
				B96D01022006E90E00C4E06B /* CalculatorGraphView.swift in Sources */,
				B96D01042006EB2800C4E06B /* AxesDrawer.swift in Sources */,
				B96C49001DBAA2DF009DA46D /* CalculatorBrainTests.swift in Sources */,
				B98AF6881FD7951F004713FF /* CalculatorGraphViewController.swift in Sources */,
			);
			runOnlyForDeploymentPostprocessing = 0;
		};
		B995FCEC1D43BDC900CA934C /* Sources */ = {
			isa = PBXSourcesBuildPhase;
			buildActionMask = 2147483647;
			files = (
				B98AF6871FD7951F004713FF /* CalculatorGraphViewController.swift in Sources */,
				B9C8C7581D4ADD58005B1238 /* CalculatorBrain.swift in Sources */,
				B96B50C41FB13F530036DF72 /* AxesDrawer.swift in Sources */,
				B9075F961FE1F42500E75B44 /* CalculatorGraphView.swift in Sources */,
				B995FCF61D43BDC900CA934C /* CalculatorViewController.swift in Sources */,
				B995FCF41D43BDC900CA934C /* AppDelegate.swift in Sources */,
			);
			runOnlyForDeploymentPostprocessing = 0;
		};
		B9BDEB871F01DCD500E8F04A /* Sources */ = {
			isa = PBXSourcesBuildPhase;
			buildActionMask = 2147483647;
			files = (
				B96D01032006E90F00C4E06B /* CalculatorGraphView.swift in Sources */,
				B96D01052006EB2800C4E06B /* AxesDrawer.swift in Sources */,
				B9BDEB8E1F01DCD500E8F04A /* CalculatorUITests.swift in Sources */,
				B98AF6891FD7951F004713FF /* CalculatorGraphViewController.swift in Sources */,
			);
			runOnlyForDeploymentPostprocessing = 0;
		};
/* End PBXSourcesBuildPhase section */

/* Begin PBXTargetDependency section */
		B96C49031DBAA2DF009DA46D /* PBXTargetDependency */ = {
			isa = PBXTargetDependency;
			target = B995FCEF1D43BDC900CA934C /* Calculator */;
			targetProxy = B96C49021DBAA2DF009DA46D /* PBXContainerItemProxy */;
		};
		B9BDEB911F01DCD500E8F04A /* PBXTargetDependency */ = {
			isa = PBXTargetDependency;
			target = B995FCEF1D43BDC900CA934C /* Calculator */;
			targetProxy = B9BDEB901F01DCD500E8F04A /* PBXContainerItemProxy */;
		};
/* End PBXTargetDependency section */

/* Begin PBXVariantGroup section */
		B995FCF71D43BDC900CA934C /* Main.storyboard */ = {
			isa = PBXVariantGroup;
			children = (
				B995FCF81D43BDC900CA934C /* Base */,
			);
			name = Main.storyboard;
			sourceTree = "<group>";
		};
		B995FCFC1D43BDC900CA934C /* LaunchScreen.storyboard */ = {
			isa = PBXVariantGroup;
			children = (
				B995FCFD1D43BDC900CA934C /* Base */,
			);
			name = LaunchScreen.storyboard;
			sourceTree = "<group>";
		};
/* End PBXVariantGroup section */

/* Begin XCBuildConfiguration section */
		B96C49051DBAA2DF009DA46D /* Debug */ = {
			isa = XCBuildConfiguration;
			buildSettings = {
				BUNDLE_LOADER = "$(TEST_HOST)";
				CLANG_WARN_DOCUMENTATION_COMMENTS = YES;
				CLANG_WARN_SUSPICIOUS_MOVES = YES;
				DEVELOPMENT_TEAM = M534J7BM7R;
				INFOPLIST_FILE = CalculatorTests/Info.plist;
				IPHONEOS_DEPLOYMENT_TARGET = 10.0;
				LD_RUNPATH_SEARCH_PATHS = "$(inherited) @executable_path/Frameworks @loader_path/Frameworks";
				PRODUCT_BUNDLE_IDENTIFIER = idev.training.CalculatorTests;
				PRODUCT_NAME = "$(TARGET_NAME)";
				SWIFT_ACTIVE_COMPILATION_CONDITIONS = DEBUG;
				SWIFT_SWIFT3_OBJC_INFERENCE = Off;
				SWIFT_VERSION = 4.0;
				TEST_HOST = "$(BUILT_PRODUCTS_DIR)/Calculator.app/Calculator";
			};
			name = Debug;
		};
		B96C49061DBAA2DF009DA46D /* Release */ = {
			isa = XCBuildConfiguration;
			buildSettings = {
				BUNDLE_LOADER = "$(TEST_HOST)";
				CLANG_WARN_DOCUMENTATION_COMMENTS = YES;
				CLANG_WARN_SUSPICIOUS_MOVES = YES;
				DEVELOPMENT_TEAM = M534J7BM7R;
				INFOPLIST_FILE = CalculatorTests/Info.plist;
				IPHONEOS_DEPLOYMENT_TARGET = 10.0;
				LD_RUNPATH_SEARCH_PATHS = "$(inherited) @executable_path/Frameworks @loader_path/Frameworks";
				PRODUCT_BUNDLE_IDENTIFIER = idev.training.CalculatorTests;
				PRODUCT_NAME = "$(TARGET_NAME)";
				SWIFT_SWIFT3_OBJC_INFERENCE = Off;
				SWIFT_VERSION = 4.0;
				TEST_HOST = "$(BUILT_PRODUCTS_DIR)/Calculator.app/Calculator";
			};
			name = Release;
		};
		B995FD001D43BDC900CA934C /* Debug */ = {
			isa = XCBuildConfiguration;
			buildSettings = {
				ALWAYS_SEARCH_USER_PATHS = NO;
				CLANG_ANALYZER_NONNULL = YES;
				CLANG_CXX_LANGUAGE_STANDARD = "gnu++0x";
				CLANG_CXX_LIBRARY = "libc++";
				CLANG_ENABLE_MODULES = YES;
				CLANG_ENABLE_OBJC_ARC = YES;
				CLANG_WARN_BLOCK_CAPTURE_AUTORELEASING = YES;
				CLANG_WARN_BOOL_CONVERSION = YES;
				CLANG_WARN_COMMA = YES;
				CLANG_WARN_CONSTANT_CONVERSION = YES;
				CLANG_WARN_DIRECT_OBJC_ISA_USAGE = YES_ERROR;
				CLANG_WARN_EMPTY_BODY = YES;
				CLANG_WARN_ENUM_CONVERSION = YES;
				CLANG_WARN_INFINITE_RECURSION = YES;
				CLANG_WARN_INT_CONVERSION = YES;
				CLANG_WARN_NON_LITERAL_NULL_CONVERSION = YES;
				CLANG_WARN_OBJC_LITERAL_CONVERSION = YES;
				CLANG_WARN_OBJC_ROOT_CLASS = YES_ERROR;
				CLANG_WARN_RANGE_LOOP_ANALYSIS = YES;
				CLANG_WARN_STRICT_PROTOTYPES = YES;
				CLANG_WARN_SUSPICIOUS_MOVE = YES;
				CLANG_WARN_UNREACHABLE_CODE = YES;
				CLANG_WARN__DUPLICATE_METHOD_MATCH = YES;
				"CODE_SIGN_IDENTITY[sdk=iphoneos*]" = "iPhone Developer";
				COPY_PHASE_STRIP = NO;
				DEBUG_INFORMATION_FORMAT = dwarf;
				ENABLE_STRICT_OBJC_MSGSEND = YES;
				ENABLE_TESTABILITY = YES;
				GCC_C_LANGUAGE_STANDARD = gnu99;
				GCC_DYNAMIC_NO_PIC = NO;
				GCC_NO_COMMON_BLOCKS = YES;
				GCC_OPTIMIZATION_LEVEL = 0;
				GCC_PREPROCESSOR_DEFINITIONS = (
					"DEBUG=1",
					"$(inherited)",
				);
				GCC_WARN_64_TO_32_BIT_CONVERSION = YES;
				GCC_WARN_ABOUT_RETURN_TYPE = YES_ERROR;
				GCC_WARN_UNDECLARED_SELECTOR = YES;
				GCC_WARN_UNINITIALIZED_AUTOS = YES_AGGRESSIVE;
				GCC_WARN_UNUSED_FUNCTION = YES;
				GCC_WARN_UNUSED_VARIABLE = YES;
				IPHONEOS_DEPLOYMENT_TARGET = 9.3;
				MTL_ENABLE_DEBUG_INFO = YES;
				ONLY_ACTIVE_ARCH = YES;
				SDKROOT = iphoneos;
				SWIFT_OPTIMIZATION_LEVEL = "-Onone";
				TARGETED_DEVICE_FAMILY = "1,2";
			};
			name = Debug;
		};
		B995FD011D43BDC900CA934C /* Release */ = {
			isa = XCBuildConfiguration;
			buildSettings = {
				ALWAYS_SEARCH_USER_PATHS = NO;
				CLANG_ANALYZER_NONNULL = YES;
				CLANG_CXX_LANGUAGE_STANDARD = "gnu++0x";
				CLANG_CXX_LIBRARY = "libc++";
				CLANG_ENABLE_MODULES = YES;
				CLANG_ENABLE_OBJC_ARC = YES;
				CLANG_WARN_BLOCK_CAPTURE_AUTORELEASING = YES;
				CLANG_WARN_BOOL_CONVERSION = YES;
				CLANG_WARN_COMMA = YES;
				CLANG_WARN_CONSTANT_CONVERSION = YES;
				CLANG_WARN_DIRECT_OBJC_ISA_USAGE = YES_ERROR;
				CLANG_WARN_EMPTY_BODY = YES;
				CLANG_WARN_ENUM_CONVERSION = YES;
				CLANG_WARN_INFINITE_RECURSION = YES;
				CLANG_WARN_INT_CONVERSION = YES;
				CLANG_WARN_NON_LITERAL_NULL_CONVERSION = YES;
				CLANG_WARN_OBJC_LITERAL_CONVERSION = YES;
				CLANG_WARN_OBJC_ROOT_CLASS = YES_ERROR;
				CLANG_WARN_RANGE_LOOP_ANALYSIS = YES;
				CLANG_WARN_STRICT_PROTOTYPES = YES;
				CLANG_WARN_SUSPICIOUS_MOVE = YES;
				CLANG_WARN_UNREACHABLE_CODE = YES;
				CLANG_WARN__DUPLICATE_METHOD_MATCH = YES;
				"CODE_SIGN_IDENTITY[sdk=iphoneos*]" = "iPhone Developer";
				COPY_PHASE_STRIP = NO;
				DEBUG_INFORMATION_FORMAT = "dwarf-with-dsym";
				ENABLE_NS_ASSERTIONS = NO;
				ENABLE_STRICT_OBJC_MSGSEND = YES;
				GCC_C_LANGUAGE_STANDARD = gnu99;
				GCC_NO_COMMON_BLOCKS = YES;
				GCC_WARN_64_TO_32_BIT_CONVERSION = YES;
				GCC_WARN_ABOUT_RETURN_TYPE = YES_ERROR;
				GCC_WARN_UNDECLARED_SELECTOR = YES;
				GCC_WARN_UNINITIALIZED_AUTOS = YES_AGGRESSIVE;
				GCC_WARN_UNUSED_FUNCTION = YES;
				GCC_WARN_UNUSED_VARIABLE = YES;
				IPHONEOS_DEPLOYMENT_TARGET = 9.3;
				MTL_ENABLE_DEBUG_INFO = NO;
				SDKROOT = iphoneos;
				SWIFT_OPTIMIZATION_LEVEL = "-Owholemodule";
				TARGETED_DEVICE_FAMILY = "1,2";
				VALIDATE_PRODUCT = YES;
			};
			name = Release;
		};
		B995FD031D43BDC900CA934C /* Debug */ = {
			isa = XCBuildConfiguration;
			buildSettings = {
				ASSETCATALOG_COMPILER_APPICON_NAME = AppIcon;
				INFOPLIST_FILE = Calculator/Info.plist;
				IPHONEOS_DEPLOYMENT_TARGET = 9.3;
				LD_RUNPATH_SEARCH_PATHS = "$(inherited) @executable_path/Frameworks $(CONFIGURATION_BUILD_DIR)";
				PRODUCT_BUNDLE_IDENTIFIER = stanford.training.Calculator;
				PRODUCT_NAME = "$(TARGET_NAME)";
				SWIFT_SWIFT3_OBJC_INFERENCE = Off;
				SWIFT_VERSION = 4.0;
			};
			name = Debug;
		};
		B995FD041D43BDC900CA934C /* Release */ = {
			isa = XCBuildConfiguration;
			buildSettings = {
				ASSETCATALOG_COMPILER_APPICON_NAME = AppIcon;
				INFOPLIST_FILE = Calculator/Info.plist;
				IPHONEOS_DEPLOYMENT_TARGET = 9.3;
				LD_RUNPATH_SEARCH_PATHS = "$(inherited) @executable_path/Frameworks $(CONFIGURATION_BUILD_DIR)";
				PRODUCT_BUNDLE_IDENTIFIER = stanford.training.Calculator;
				PRODUCT_NAME = "$(TARGET_NAME)";
				SWIFT_SWIFT3_OBJC_INFERENCE = Off;
				SWIFT_VERSION = 4.0;
			};
			name = Release;
		};
		B9BDEB931F01DCD500E8F04A /* Debug */ = {
			isa = XCBuildConfiguration;
			buildSettings = {
				CLANG_ANALYZER_NUMBER_OBJECT_CONVERSION = YES_AGGRESSIVE;
				CLANG_WARN_DOCUMENTATION_COMMENTS = YES;
				DEVELOPMENT_TEAM = M534J7BM7R;
				INFOPLIST_FILE = CalculatorUITests/Info.plist;
				IPHONEOS_DEPLOYMENT_TARGET = 10.3;
				LD_RUNPATH_SEARCH_PATHS = "$(inherited) @executable_path/Frameworks @loader_path/Frameworks";
				PRODUCT_BUNDLE_IDENTIFIER = idev.training.CalculatorUITests;
				PRODUCT_NAME = "$(TARGET_NAME)";
				SWIFT_ACTIVE_COMPILATION_CONDITIONS = DEBUG;
				SWIFT_SWIFT3_OBJC_INFERENCE = Off;
				SWIFT_VERSION = 4.0;
				TEST_TARGET_NAME = Calculator;
			};
			name = Debug;
		};
		B9BDEB941F01DCD500E8F04A /* Release */ = {
			isa = XCBuildConfiguration;
			buildSettings = {
				CLANG_ANALYZER_NUMBER_OBJECT_CONVERSION = YES_AGGRESSIVE;
				CLANG_WARN_DOCUMENTATION_COMMENTS = YES;
				DEVELOPMENT_TEAM = M534J7BM7R;
				INFOPLIST_FILE = CalculatorUITests/Info.plist;
				IPHONEOS_DEPLOYMENT_TARGET = 10.3;
				LD_RUNPATH_SEARCH_PATHS = "$(inherited) @executable_path/Frameworks @loader_path/Frameworks";
				PRODUCT_BUNDLE_IDENTIFIER = idev.training.CalculatorUITests;
				PRODUCT_NAME = "$(TARGET_NAME)";
				SWIFT_SWIFT3_OBJC_INFERENCE = Off;
				SWIFT_VERSION = 4.0;
				TEST_TARGET_NAME = Calculator;
			};
			name = Release;
		};
/* End XCBuildConfiguration section */

/* Begin XCConfigurationList section */
		B96C49041DBAA2DF009DA46D /* Build configuration list for PBXNativeTarget "CalculatorTests" */ = {
			isa = XCConfigurationList;
			buildConfigurations = (
				B96C49051DBAA2DF009DA46D /* Debug */,
				B96C49061DBAA2DF009DA46D /* Release */,
			);
			defaultConfigurationIsVisible = 0;
			defaultConfigurationName = Release;
		};
		B995FCEB1D43BDC900CA934C /* Build configuration list for PBXProject "Calculator" */ = {
			isa = XCConfigurationList;
			buildConfigurations = (
				B995FD001D43BDC900CA934C /* Debug */,
				B995FD011D43BDC900CA934C /* Release */,
			);
			defaultConfigurationIsVisible = 0;
			defaultConfigurationName = Release;
		};
		B995FD021D43BDC900CA934C /* Build configuration list for PBXNativeTarget "Calculator" */ = {
			isa = XCConfigurationList;
			buildConfigurations = (
				B995FD031D43BDC900CA934C /* Debug */,
				B995FD041D43BDC900CA934C /* Release */,
			);
			defaultConfigurationIsVisible = 0;
			defaultConfigurationName = Release;
		};
		B9BDEB921F01DCD500E8F04A /* Build configuration list for PBXNativeTarget "CalculatorUITests" */ = {
			isa = XCConfigurationList;
			buildConfigurations = (
				B9BDEB931F01DCD500E8F04A /* Debug */,
				B9BDEB941F01DCD500E8F04A /* Release */,
			);
			defaultConfigurationIsVisible = 0;
			defaultConfigurationName = Release;
		};
/* End XCConfigurationList section */
	};
	rootObject = B995FCE81D43BDC900CA934C /* Project object */;
}
