// !$*UTF8*$!
{
	archiveVersion = 1;
	classes = {
	};
	objectVersion = 46;
	objects = {

/* Begin PBXBuildFile section */
		B995FCF41D43BDC900CA934C /* AppDelegate.swift in Sources */ = {isa = PBXBuildFile; fileRef = B995FCF31D43BDC900CA934C /* AppDelegate.swift */; };
		B995FCF61D43BDC900CA934C /* ViewController.swift in Sources */ = {isa = PBXBuildFile; fileRef = B995FCF51D43BDC900CA934C /* ViewController.swift */; };
		B995FCF91D43BDC900CA934C /* Main.storyboard in Resources */ = {isa = PBXBuildFile; fileRef = B995FCF71D43BDC900CA934C /* Main.storyboard */; };
		B995FCFB1D43BDC900CA934C /* Assets.xcassets in Resources */ = {isa = PBXBuildFile; fileRef = B995FCFA1D43BDC900CA934C /* Assets.xcassets */; };
		B995FCFE1D43BDC900CA934C /* LaunchScreen.storyboard in Resources */ = {isa = PBXBuildFile; fileRef = B995FCFC1D43BDC900CA934C /* LaunchScreen.storyboard */; };
/* End PBXBuildFile section */

/* Begin PBXFileReference section */
		B995FCF01D43BDC900CA934C /* Calculator.app */ = {isa = PBXFileReference; explicitFileType = wrapper.application; includeInIndex = 0; path = Calculator.app; sourceTree = BUILT_PRODUCTS_DIR; };
		B995FCF31D43BDC900CA934C /* AppDelegate.swift */ = {isa = PBXFileReference; lastKnownFileType = sourcecode.swift; path = AppDelegate.swift; sourceTree = "<group>"; };
		B995FCF51D43BDC900CA934C /* ViewController.swift */ = {isa = PBXFileReference; lastKnownFileType = sourcecode.swift; path = ViewController.swift; sourceTree = "<group>"; };
		B995FCF81D43BDC900CA934C /* Base */ = {isa = PBXFileReference; lastKnownFileType = file.storyboard; name = Base; path = Base.lproj/Main.storyboard; sourceTree = "<group>"; };
		B995FCFA1D43BDC900CA934C /* Assets.xcassets */ = {isa = PBXFileReference; lastKnownFileType = folder.assetcatalog; path = Assets.xcassets; sourceTree = "<group>"; };
		B995FCFD1D43BDC900CA934C /* Base */ = {isa = PBXFileReference; lastKnownFileType = file.storyboard; name = Base; path = Base.lproj/LaunchScreen.storyboard; sourceTree = "<group>"; };
		B995FCFF1D43BDC900CA934C /* Info.plist */ = {isa = PBXFileReference; lastKnownFileType = text.plist.xml; path = Info.plist; sourceTree = "<group>"; };
/* End PBXFileReference section */

/* Begin PBXFrameworksBuildPhase section */
		B995FCED1D43BDC900CA934C /* Frameworks */ = {
			isa = PBXFrameworksBuildPhase;
			buildActionMask = 2147483647;
			files = (
			);
			runOnlyForDeploymentPostprocessing = 0;
		};
/* End PBXFrameworksBuildPhase section */

/* Begin PBXGroup section */
		B995FCE71D43BDC900CA934C = {
			isa = PBXGroup;
			children = (
				B995FCF21D43BDC900CA934C /* Calculator */,
				B995FCF11D43BDC900CA934C /* Products */,
			);
			sourceTree = "<group>";
		};
		B995FCF11D43BDC900CA934C /* Products */ = {
			isa = PBXGroup;
			children = (
				B995FCF01D43BDC900CA934C /* Calculator.app */,
			);
			name = Products;
			sourceTree = "<group>";
		};
		B995FCF21D43BDC900CA934C /* Calculator */ = {
			isa = PBXGroup;
			children = (
				B995FCF51D43BDC900CA934C /* ViewController.swift */,
				B995FCF71D43BDC900CA934C /* Main.storyboard */,
				B995FD051D43BE1C00CA934C /* Supporting Files */,
			);
			path = Calculator;
			sourceTree = "<group>";
		};
		B995FD051D43BE1C00CA934C /* Supporting Files */ = {
			isa = PBXGroup;
			children = (
				B995FCF31D43BDC900CA934C /* AppDelegate.swift */,
				B995FCFA1D43BDC900CA934C /* Assets.xcassets */,
				B995FCFC1D43BDC900CA934C /* LaunchScreen.storyboard */,
				B995FCFF1D43BDC900CA934C /* Info.plist */,
			);
			name = "Supporting Files";
			sourceTree = "<group>";
		};
/* End PBXGroup section */

/* Begin PBXNativeTarget section */
		B995FCEF1D43BDC900CA934C /* Calculator */ = {
			isa = PBXNativeTarget;
			buildConfigurationList = B995FD021D43BDC900CA934C /* Build configuration list for PBXNativeTarget "Calculator" */;
			buildPhases = (
				B995FCEC1D43BDC900CA934C /* Sources */,
				B995FCED1D43BDC900CA934C /* Frameworks */,
				B995FCEE1D43BDC900CA934C /* Resources */,
			);
			buildRules = (
			);
			dependencies = (
			);
			name = Calculator;
			productName = Calculator;
			productReference = B995FCF01D43BDC900CA934C /* Calculator.app */;
			productType = "com.apple.product-type.application";
		};
/* End PBXNativeTarget section */

/* Begin PBXProject section */
		B995FCE81D43BDC900CA934C /* Project object */ = {
			isa = PBXProject;
			attributes = {
				LastSwiftUpdateCheck = 0730;
				LastUpgradeCheck = 0730;
				ORGANIZATIONNAME = CS193p;
				TargetAttributes = {
					B995FCEF1D43BDC900CA934C = {
						CreatedOnToolsVersion = 7.3;
						DevelopmentTeam = M534J7BM7R;
					};
				};
			};
			buildConfigurationList = B995FCEB1D43BDC900CA934C /* Build configuration list for PBXProject "Calculator" */;
			compatibilityVersion = "Xcode 3.2";
			developmentRegion = English;
			hasScannedForEncodings = 0;
			knownRegions = (
				en,
				Base,
			);
			mainGroup = B995FCE71D43BDC900CA934C;
			productRefGroup = B995FCF11D43BDC900CA934C /* Products */;
			projectDirPath = "";
			projectRoot = "";
			targets = (
				B995FCEF1D43BDC900CA934C /* Calculator */,
			);
		};
/* End PBXProject section */

/* Begin PBXResourcesBuildPhase section */
		B995FCEE1D43BDC900CA934C /* Resources */ = {
			isa = PBXResourcesBuildPhase;
			buildActionMask = 2147483647;
			files = (
				B995FCFE1D43BDC900CA934C /* LaunchScreen.storyboard in Resources */,
				B995FCFB1D43BDC900CA934C /* Assets.xcassets in Resources */,
				B995FCF91D43BDC900CA934C /* Main.storyboard in Resources */,
			);
			runOnlyForDeploymentPostprocessing = 0;
		};
/* End PBXResourcesBuildPhase section */

/* Begin PBXSourcesBuildPhase section */
		B995FCEC1D43BDC900CA934C /* Sources */ = {
			isa = PBXSourcesBuildPhase;
			buildActionMask = 2147483647;
			files = (
				B995FCF61D43BDC900CA934C /* ViewController.swift in Sources */,
				B995FCF41D43BDC900CA934C /* AppDelegate.swift in Sources */,
			);
			runOnlyForDeploymentPostprocessing = 0;
		};
/* End PBXSourcesBuildPhase section */

/* Begin PBXVariantGroup section */
		B995FCF71D43BDC900CA934C /* Main.storyboard */ = {
			isa = PBXVariantGroup;
			children = (
				B995FCF81D43BDC900CA934C /* Base */,
			);
			name = Main.storyboard;
			sourceTree = "<group>";
		};
		B995FCFC1D43BDC900CA934C /* LaunchScreen.storyboard */ = {
			isa = PBXVariantGroup;
			children = (
				B995FCFD1D43BDC900CA934C /* Base */,
			);
			name = LaunchScreen.storyboard;
			sourceTree = "<group>";
		};
/* End PBXVariantGroup section */

/* Begin XCBuildConfiguration section */
		B995FD001D43BDC900CA934C /* Debug */ = {
			isa = XCBuildConfiguration;
			buildSettings = {
				ALWAYS_SEARCH_USER_PATHS = NO;
				CLANG_ANALYZER_NONNULL = YES;
				CLANG_CXX_LANGUAGE_STANDARD = "gnu++0x";
				CLANG_CXX_LIBRARY = "libc++";
				CLANG_ENABLE_MODULES = YES;
				CLANG_ENABLE_OBJC_ARC = YES;
				CLANG_WARN_BOOL_CONVERSION = YES;
				CLANG_WARN_CONSTANT_CONVERSION = YES;
				CLANG_WARN_DIRECT_OBJC_ISA_USAGE = YES_ERROR;
				CLANG_WARN_EMPTY_BODY = YES;
				CLANG_WARN_ENUM_CONVERSION = YES;
				CLANG_WARN_INT_CONVERSION = YES;
				CLANG_WARN_OBJC_ROOT_CLASS = YES_ERROR;
				CLANG_WARN_UNREACHABLE_CODE = YES;
				CLANG_WARN__DUPLICATE_METHOD_MATCH = YES;
				"CODE_SIGN_IDENTITY[sdk=iphoneos*]" = "iPhone Developer";
				COPY_PHASE_STRIP = NO;
				DEBUG_INFORMATION_FORMAT = dwarf;
				ENABLE_STRICT_OBJC_MSGSEND = YES;
				ENABLE_TESTABILITY = YES;
				GCC_C_LANGUAGE_STANDARD = gnu99;
				GCC_DYNAMIC_NO_PIC = NO;
				GCC_NO_COMMON_BLOCKS = YES;
				GCC_OPTIMIZATION_LEVEL = 0;
				GCC_PREPROCESSOR_DEFINITIONS = (
					"DEBUG=1",
					"$(inherited)",
				);
				GCC_WARN_64_TO_32_BIT_CONVERSION = YES;
				GCC_WARN_ABOUT_RETURN_TYPE = YES_ERROR;
				GCC_WARN_UNDECLARED_SELECTOR = YES;
				GCC_WARN_UNINITIALIZED_AUTOS = YES_AGGRESSIVE;
				GCC_WARN_UNUSED_FUNCTION = YES;
				GCC_WARN_UNUSED_VARIABLE = YES;
				IPHONEOS_DEPLOYMENT_TARGET = 9.3;
				MTL_ENABLE_DEBUG_INFO = YES;
				ONLY_ACTIVE_ARCH = YES;
				SDKROOT = iphoneos;
				SWIFT_OPTIMIZATION_LEVEL = "-Onone";
				TARGETED_DEVICE_FAMILY = "1,2";
			};
			name = Debug;
		};
		B995FD011D43BDC900CA934C /* Release */ = {
			isa = XCBuildConfiguration;
			buildSettings = {
				ALWAYS_SEARCH_USER_PATHS = NO;
				CLANG_ANALYZER_NONNULL = YES;
				CLANG_CXX_LANGUAGE_STANDARD = "gnu++0x";
				CLANG_CXX_LIBRARY = "libc++";
				CLANG_ENABLE_MODULES = YES;
				CLANG_ENABLE_OBJC_ARC = YES;
				CLANG_WARN_BOOL_CONVERSION = YES;
				CLANG_WARN_CONSTANT_CONVERSION = YES;
				CLANG_WARN_DIRECT_OBJC_ISA_USAGE = YES_ERROR;
				CLANG_WARN_EMPTY_BODY = YES;
				CLANG_WARN_ENUM_CONVERSION = YES;
				CLANG_WARN_INT_CONVERSION = YES;
				CLANG_WARN_OBJC_ROOT_CLASS = YES_ERROR;
				CLANG_WARN_UNREACHABLE_CODE = YES;
				CLANG_WARN__DUPLICATE_METHOD_MATCH = YES;
				"CODE_SIGN_IDENTITY[sdk=iphoneos*]" = "iPhone Developer";
				COPY_PHASE_STRIP = NO;
				DEBUG_INFORMATION_FORMAT = "dwarf-with-dsym";
				ENABLE_NS_ASSERTIONS = NO;
				ENABLE_STRICT_OBJC_MSGSEND = YES;
				GCC_C_LANGUAGE_STANDARD = gnu99;
				GCC_NO_COMMON_BLOCKS = YES;
				GCC_WARN_64_TO_32_BIT_CONVERSION = YES;
				GCC_WARN_ABOUT_RETURN_TYPE = YES_ERROR;
				GCC_WARN_UNDECLARED_SELECTOR = YES;
				GCC_WARN_UNINITIALIZED_AUTOS = YES_AGGRESSIVE;
				GCC_WARN_UNUSED_FUNCTION = YES;
				GCC_WARN_UNUSED_VARIABLE = YES;
				IPHONEOS_DEPLOYMENT_TARGET = 9.3;
				MTL_ENABLE_DEBUG_INFO = NO;
				SDKROOT = iphoneos;
				TARGETED_DEVICE_FAMILY = "1,2";
				VALIDATE_PRODUCT = YES;
			};
			name = Release;
		};
		B995FD031D43BDC900CA934C /* Debug */ = {
			isa = XCBuildConfiguration;
			buildSettings = {
				ASSETCATALOG_COMPILER_APPICON_NAME = AppIcon;
				INFOPLIST_FILE = Calculator/Info.plist;
				LD_RUNPATH_SEARCH_PATHS = "$(inherited) @executable_path/Frameworks";
				PRODUCT_BUNDLE_IDENTIFIER = stanford.training.Calculator;
				PRODUCT_NAME = "$(TARGET_NAME)";
			};
			name = Debug;
		};
		B995FD041D43BDC900CA934C /* Release */ = {
			isa = XCBuildConfiguration;
			buildSettings = {
				ASSETCATALOG_COMPILER_APPICON_NAME = AppIcon;
				INFOPLIST_FILE = Calculator/Info.plist;
				LD_RUNPATH_SEARCH_PATHS = "$(inherited) @executable_path/Frameworks";
				PRODUCT_BUNDLE_IDENTIFIER = stanford.training.Calculator;
				PRODUCT_NAME = "$(TARGET_NAME)";
			};
			name = Release;
		};
/* End XCBuildConfiguration section */

/* Begin XCConfigurationList section */
		B995FCEB1D43BDC900CA934C /* Build configuration list for PBXProject "Calculator" */ = {
			isa = XCConfigurationList;
			buildConfigurations = (
				B995FD001D43BDC900CA934C /* Debug */,
				B995FD011D43BDC900CA934C /* Release */,
			);
			defaultConfigurationIsVisible = 0;
			defaultConfigurationName = Release;
		};
		B995FD021D43BDC900CA934C /* Build configuration list for PBXNativeTarget "Calculator" */ = {
			isa = XCConfigurationList;
			buildConfigurations = (
				B995FD031D43BDC900CA934C /* Debug */,
				B995FD041D43BDC900CA934C /* Release */,
			);
			defaultConfigurationIsVisible = 0;
		};
/* End XCConfigurationList section */
	};
	rootObject = B995FCE81D43BDC900CA934C /* Project object */;
}
