// !$*UTF8*$!
{
	archiveVersion = 1;
	classes = {
	};
	objectVersion = 46;
	objects = {

/* Begin PBXBuildFile section */
		B977A1DF1BD487F300EA3305 /* main.m in Sources */ = {isa = PBXBuildFile; fileRef = B977A1DE1BD487F300EA3305 /* main.m */; };
		B977A1E21BD487F300EA3305 /* CardGameAppDelegate.m in Sources */ = {isa = PBXBuildFile; fileRef = B977A1E11BD487F300EA3305 /* CardGameAppDelegate.m */; };
		B977A1E51BD487F300EA3305 /* CardGameViewController.m in Sources */ = {isa = PBXBuildFile; fileRef = B977A1E41BD487F300EA3305 /* CardGameViewController.m */; };
		B977A1E81BD487F300EA3305 /* Main.storyboard in Resources */ = {isa = PBXBuildFile; fileRef = B977A1E61BD487F300EA3305 /* Main.storyboard */; };
		B977A1EA1BD487F300EA3305 /* Assets.xcassets in Resources */ = {isa = PBXBuildFile; fileRef = B977A1E91BD487F300EA3305 /* Assets.xcassets */; };
		B977A1ED1BD487F300EA3305 /* LaunchScreen.storyboard in Resources */ = {isa = PBXBuildFile; fileRef = B977A1EB1BD487F300EA3305 /* LaunchScreen.storyboard */; };
/* End PBXBuildFile section */

/* Begin PBXFileReference section */
		B977A1DA1BD487F300EA3305 /* Matchismo.app */ = {isa = PBXFileReference; explicitFileType = wrapper.application; includeInIndex = 0; path = Matchismo.app; sourceTree = BUILT_PRODUCTS_DIR; };
		B977A1DE1BD487F300EA3305 /* main.m */ = {isa = PBXFileReference; lastKnownFileType = sourcecode.c.objc; path = main.m; sourceTree = "<group>"; };
		B977A1E01BD487F300EA3305 /* CardGameAppDelegate.h */ = {isa = PBXFileReference; lastKnownFileType = sourcecode.c.h; path = CardGameAppDelegate.h; sourceTree = "<group>"; };
		B977A1E11BD487F300EA3305 /* CardGameAppDelegate.m */ = {isa = PBXFileReference; lastKnownFileType = sourcecode.c.objc; path = CardGameAppDelegate.m; sourceTree = "<group>"; };
		B977A1E31BD487F300EA3305 /* CardGameViewController.h */ = {isa = PBXFileReference; lastKnownFileType = sourcecode.c.h; path = CardGameViewController.h; sourceTree = "<group>"; };
		B977A1E41BD487F300EA3305 /* CardGameViewController.m */ = {isa = PBXFileReference; lastKnownFileType = sourcecode.c.objc; path = CardGameViewController.m; sourceTree = "<group>"; };
		B977A1E71BD487F300EA3305 /* Base */ = {isa = PBXFileReference; lastKnownFileType = file.storyboard; name = Base; path = Base.lproj/Main.storyboard; sourceTree = "<group>"; };
		B977A1E91BD487F300EA3305 /* Assets.xcassets */ = {isa = PBXFileReference; lastKnownFileType = folder.assetcatalog; path = Assets.xcassets; sourceTree = "<group>"; };
		B977A1EC1BD487F300EA3305 /* Base */ = {isa = PBXFileReference; lastKnownFileType = file.storyboard; name = Base; path = Base.lproj/LaunchScreen.storyboard; sourceTree = "<group>"; };
		B977A1EE1BD487F300EA3305 /* Info.plist */ = {isa = PBXFileReference; lastKnownFileType = text.plist.xml; path = Info.plist; sourceTree = "<group>"; };
/* End PBXFileReference section */

/* Begin PBXFrameworksBuildPhase section */
		B977A1D71BD487F300EA3305 /* Frameworks */ = {
			isa = PBXFrameworksBuildPhase;
			buildActionMask = 2147483647;
			files = (
			);
			runOnlyForDeploymentPostprocessing = 0;
		};
/* End PBXFrameworksBuildPhase section */

/* Begin PBXGroup section */
		B977A1D11BD487F300EA3305 = {
			isa = PBXGroup;
			children = (
				B977A1DC1BD487F300EA3305 /* Matchismo */,
				B977A1DB1BD487F300EA3305 /* Products */,
			);
			sourceTree = "<group>";
		};
		B977A1DB1BD487F300EA3305 /* Products */ = {
			isa = PBXGroup;
			children = (
				B977A1DA1BD487F300EA3305 /* Matchismo.app */,
			);
			name = Products;
			sourceTree = "<group>";
		};
		B977A1DC1BD487F300EA3305 /* Matchismo */ = {
			isa = PBXGroup;
			children = (
				B977A1E01BD487F300EA3305 /* CardGameAppDelegate.h */,
				B977A1E11BD487F300EA3305 /* CardGameAppDelegate.m */,
				B977A1E31BD487F300EA3305 /* CardGameViewController.h */,
				B977A1E41BD487F300EA3305 /* CardGameViewController.m */,
				B977A1E61BD487F300EA3305 /* Main.storyboard */,
				B977A1E91BD487F300EA3305 /* Assets.xcassets */,
				B977A1EB1BD487F300EA3305 /* LaunchScreen.storyboard */,
				B977A1EE1BD487F300EA3305 /* Info.plist */,
				B977A1DD1BD487F300EA3305 /* Supporting Files */,
			);
			path = Matchismo;
			sourceTree = "<group>";
		};
		B977A1DD1BD487F300EA3305 /* Supporting Files */ = {
			isa = PBXGroup;
			children = (
				B977A1DE1BD487F300EA3305 /* main.m */,
			);
			name = "Supporting Files";
			sourceTree = "<group>";
		};
/* End PBXGroup section */

/* Begin PBXNativeTarget section */
		B977A1D91BD487F300EA3305 /* Matchismo */ = {
			isa = PBXNativeTarget;
			buildConfigurationList = B977A1F11BD487F300EA3305 /* Build configuration list for PBXNativeTarget "Matchismo" */;
			buildPhases = (
				B977A1D61BD487F300EA3305 /* Sources */,
				B977A1D71BD487F300EA3305 /* Frameworks */,
				B977A1D81BD487F300EA3305 /* Resources */,
			);
			buildRules = (
			);
			dependencies = (
			);
			name = Matchismo;
			productName = Matchismo;
			productReference = B977A1DA1BD487F300EA3305 /* Matchismo.app */;
			productType = "com.apple.product-type.application";
		};
/* End PBXNativeTarget section */

/* Begin PBXProject section */
		B977A1D21BD487F300EA3305 /* Project object */ = {
			isa = PBXProject;
			attributes = {
				LastUpgradeCheck = 0700;
				ORGANIZATIONNAME = CS193p;
				TargetAttributes = {
					B977A1D91BD487F300EA3305 = {
						CreatedOnToolsVersion = 7.0.1;
					};
				};
			};
			buildConfigurationList = B977A1D51BD487F300EA3305 /* Build configuration list for PBXProject "Matchismo" */;
			compatibilityVersion = "Xcode 3.2";
			developmentRegion = English;
			hasScannedForEncodings = 0;
			knownRegions = (
				en,
				Base,
			);
			mainGroup = B977A1D11BD487F300EA3305;
			productRefGroup = B977A1DB1BD487F300EA3305 /* Products */;
			projectDirPath = "";
			projectRoot = "";
			targets = (
				B977A1D91BD487F300EA3305 /* Matchismo */,
			);
		};
/* End PBXProject section */

/* Begin PBXResourcesBuildPhase section */
		B977A1D81BD487F300EA3305 /* Resources */ = {
			isa = PBXResourcesBuildPhase;
			buildActionMask = 2147483647;
			files = (
				B977A1ED1BD487F300EA3305 /* LaunchScreen.storyboard in Resources */,
				B977A1EA1BD487F300EA3305 /* Assets.xcassets in Resources */,
				B977A1E81BD487F300EA3305 /* Main.storyboard in Resources */,
			);
			runOnlyForDeploymentPostprocessing = 0;
		};
/* End PBXResourcesBuildPhase section */

/* Begin PBXSourcesBuildPhase section */
		B977A1D61BD487F300EA3305 /* Sources */ = {
			isa = PBXSourcesBuildPhase;
			buildActionMask = 2147483647;
			files = (
				B977A1E51BD487F300EA3305 /* CardGameViewController.m in Sources */,
				B977A1E21BD487F300EA3305 /* CardGameAppDelegate.m in Sources */,
				B977A1DF1BD487F300EA3305 /* main.m in Sources */,
			);
			runOnlyForDeploymentPostprocessing = 0;
		};
/* End PBXSourcesBuildPhase section */

/* Begin PBXVariantGroup section */
		B977A1E61BD487F300EA3305 /* Main.storyboard */ = {
			isa = PBXVariantGroup;
			children = (
				B977A1E71BD487F300EA3305 /* Base */,
			);
			name = Main.storyboard;
			sourceTree = "<group>";
		};
		B977A1EB1BD487F300EA3305 /* LaunchScreen.storyboard */ = {
			isa = PBXVariantGroup;
			children = (
				B977A1EC1BD487F300EA3305 /* Base */,
			);
			name = LaunchScreen.storyboard;
			sourceTree = "<group>";
		};
/* End PBXVariantGroup section */

/* Begin XCBuildConfiguration section */
		B977A1EF1BD487F300EA3305 /* Debug */ = {
			isa = XCBuildConfiguration;
			buildSettings = {
				ALWAYS_SEARCH_USER_PATHS = NO;
				CLANG_CXX_LANGUAGE_STANDARD = "gnu++0x";
				CLANG_CXX_LIBRARY = "libc++";
				CLANG_ENABLE_MODULES = YES;
				CLANG_ENABLE_OBJC_ARC = YES;
				CLANG_WARN_BOOL_CONVERSION = YES;
				CLANG_WARN_CONSTANT_CONVERSION = YES;
				CLANG_WARN_DIRECT_OBJC_ISA_USAGE = YES_ERROR;
				CLANG_WARN_EMPTY_BODY = YES;
				CLANG_WARN_ENUM_CONVERSION = YES;
				CLANG_WARN_INT_CONVERSION = YES;
				CLANG_WARN_OBJC_ROOT_CLASS = YES_ERROR;
				CLANG_WARN_UNREACHABLE_CODE = YES;
				CLANG_WARN__DUPLICATE_METHOD_MATCH = YES;
				"CODE_SIGN_IDENTITY[sdk=iphoneos*]" = "iPhone Developer";
				COPY_PHASE_STRIP = NO;
				DEBUG_INFORMATION_FORMAT = dwarf;
				ENABLE_STRICT_OBJC_MSGSEND = YES;
				ENABLE_TESTABILITY = YES;
				GCC_C_LANGUAGE_STANDARD = gnu99;
				GCC_DYNAMIC_NO_PIC = NO;
				GCC_NO_COMMON_BLOCKS = YES;
				GCC_OPTIMIZATION_LEVEL = 0;
				GCC_PREPROCESSOR_DEFINITIONS = (
					"DEBUG=1",
					"$(inherited)",
				);
				GCC_WARN_64_TO_32_BIT_CONVERSION = YES;
				GCC_WARN_ABOUT_RETURN_TYPE = YES_ERROR;
				GCC_WARN_UNDECLARED_SELECTOR = YES;
				GCC_WARN_UNINITIALIZED_AUTOS = YES_AGGRESSIVE;
				GCC_WARN_UNUSED_FUNCTION = YES;
				GCC_WARN_UNUSED_VARIABLE = YES;
				IPHONEOS_DEPLOYMENT_TARGET = 9.0;
				MTL_ENABLE_DEBUG_INFO = YES;
				ONLY_ACTIVE_ARCH = YES;
				SDKROOT = iphoneos;
			};
			name = Debug;
		};
		B977A1F01BD487F300EA3305 /* Release */ = {
			isa = XCBuildConfiguration;
			buildSettings = {
				ALWAYS_SEARCH_USER_PATHS = NO;
				CLANG_CXX_LANGUAGE_STANDARD = "gnu++0x";
				CLANG_CXX_LIBRARY = "libc++";
				CLANG_ENABLE_MODULES = YES;
				CLANG_ENABLE_OBJC_ARC = YES;
				CLANG_WARN_BOOL_CONVERSION = YES;
				CLANG_WARN_CONSTANT_CONVERSION = YES;
				CLANG_WARN_DIRECT_OBJC_ISA_USAGE = YES_ERROR;
				CLANG_WARN_EMPTY_BODY = YES;
				CLANG_WARN_ENUM_CONVERSION = YES;
				CLANG_WARN_INT_CONVERSION = YES;
				CLANG_WARN_OBJC_ROOT_CLASS = YES_ERROR;
				CLANG_WARN_UNREACHABLE_CODE = YES;
				CLANG_WARN__DUPLICATE_METHOD_MATCH = YES;
				"CODE_SIGN_IDENTITY[sdk=iphoneos*]" = "iPhone Developer";
				COPY_PHASE_STRIP = NO;
				DEBUG_INFORMATION_FORMAT = "dwarf-with-dsym";
				ENABLE_NS_ASSERTIONS = NO;
				ENABLE_STRICT_OBJC_MSGSEND = YES;
				GCC_C_LANGUAGE_STANDARD = gnu99;
				GCC_NO_COMMON_BLOCKS = YES;
				GCC_WARN_64_TO_32_BIT_CONVERSION = YES;
				GCC_WARN_ABOUT_RETURN_TYPE = YES_ERROR;
				GCC_WARN_UNDECLARED_SELECTOR = YES;
				GCC_WARN_UNINITIALIZED_AUTOS = YES_AGGRESSIVE;
				GCC_WARN_UNUSED_FUNCTION = YES;
				GCC_WARN_UNUSED_VARIABLE = YES;
				IPHONEOS_DEPLOYMENT_TARGET = 9.0;
				MTL_ENABLE_DEBUG_INFO = NO;
				SDKROOT = iphoneos;
				VALIDATE_PRODUCT = YES;
			};
			name = Release;
		};
		B977A1F21BD487F300EA3305 /* Debug */ = {
			isa = XCBuildConfiguration;
			buildSettings = {
				ASSETCATALOG_COMPILER_APPICON_NAME = AppIcon;
				INFOPLIST_FILE = Matchismo/Info.plist;
				LD_RUNPATH_SEARCH_PATHS = "$(inherited) @executable_path/Frameworks";
				PRODUCT_BUNDLE_IDENTIFIER = stanford.training.Matchismo;
				PRODUCT_NAME = "$(TARGET_NAME)";
			};
			name = Debug;
		};
		B977A1F31BD487F300EA3305 /* Release */ = {
			isa = XCBuildConfiguration;
			buildSettings = {
				ASSETCATALOG_COMPILER_APPICON_NAME = AppIcon;
				INFOPLIST_FILE = Matchismo/Info.plist;
				LD_RUNPATH_SEARCH_PATHS = "$(inherited) @executable_path/Frameworks";
				PRODUCT_BUNDLE_IDENTIFIER = stanford.training.Matchismo;
				PRODUCT_NAME = "$(TARGET_NAME)";
			};
			name = Release;
		};
/* End XCBuildConfiguration section */

/* Begin XCConfigurationList section */
		B977A1D51BD487F300EA3305 /* Build configuration list for PBXProject "Matchismo" */ = {
			isa = XCConfigurationList;
			buildConfigurations = (
				B977A1EF1BD487F300EA3305 /* Debug */,
				B977A1F01BD487F300EA3305 /* Release */,
			);
			defaultConfigurationIsVisible = 0;
			defaultConfigurationName = Release;
		};
		B977A1F11BD487F300EA3305 /* Build configuration list for PBXNativeTarget "Matchismo" */ = {
			isa = XCConfigurationList;
			buildConfigurations = (
				B977A1F21BD487F300EA3305 /* Debug */,
				B977A1F31BD487F300EA3305 /* Release */,
			);
			defaultConfigurationIsVisible = 0;
		};
/* End XCConfigurationList section */
	};
	rootObject = B977A1D21BD487F300EA3305 /* Project object */;
}
